// !$*UTF8*$!
{
	archiveVersion = 1;
	classes = {
	};
	objectVersion = 50;
	objects = {

/* Begin PBXBuildFile section */
		BA660EE32497BF1B00522512 /* AppDelegate.swift in Sources */ = {isa = PBXBuildFile; fileRef = BA660EE22497BF1B00522512 /* AppDelegate.swift */; };
		BA660EE52497BF1B00522512 /* SceneDelegate.swift in Sources */ = {isa = PBXBuildFile; fileRef = BA660EE42497BF1B00522512 /* SceneDelegate.swift */; };
		BA660EE82497BF1B00522512 /* PDFHandler.xcdatamodeld in Sources */ = {isa = PBXBuildFile; fileRef = BA660EE62497BF1B00522512 /* PDFHandler.xcdatamodeld */; };
		BA660EEA2497BF1B00522512 /* ContentView.swift in Sources */ = {isa = PBXBuildFile; fileRef = BA660EE92497BF1B00522512 /* ContentView.swift */; };
		BA660EEC2497BF1C00522512 /* Assets.xcassets in Resources */ = {isa = PBXBuildFile; fileRef = BA660EEB2497BF1C00522512 /* Assets.xcassets */; };
		BA660EEF2497BF1C00522512 /* Preview Assets.xcassets in Resources */ = {isa = PBXBuildFile; fileRef = BA660EEE2497BF1C00522512 /* Preview Assets.xcassets */; };
		BA660EF22497BF1C00522512 /* LaunchScreen.storyboard in Resources */ = {isa = PBXBuildFile; fileRef = BA660EF02497BF1C00522512 /* LaunchScreen.storyboard */; };
		BA660EFB2497BF7D00522512 /* ViewPDF.swift in Sources */ = {isa = PBXBuildFile; fileRef = BA660EFA2497BF7D00522512 /* ViewPDF.swift */; };
		BA660EFD2497BFA700522512 /* PDFViewRep.swift in Sources */ = {isa = PBXBuildFile; fileRef = BA660EFC2497BFA700522512 /* PDFViewRep.swift */; };
		BA660F032497C3EE00522512 /* SamplePDF.pdf in Resources */ = {isa = PBXBuildFile; fileRef = BA660F022497C3EE00522512 /* SamplePDF.pdf */; };
/* End PBXBuildFile section */

/* Begin PBXFileReference section */
		BA660EDF2497BF1B00522512 /* PDFHandler.app */ = {isa = PBXFileReference; explicitFileType = wrapper.application; includeInIndex = 0; path = PDFHandler.app; sourceTree = BUILT_PRODUCTS_DIR; };
		BA660EE22497BF1B00522512 /* AppDelegate.swift */ = {isa = PBXFileReference; lastKnownFileType = sourcecode.swift; path = AppDelegate.swift; sourceTree = "<group>"; };
		BA660EE42497BF1B00522512 /* SceneDelegate.swift */ = {isa = PBXFileReference; lastKnownFileType = sourcecode.swift; path = SceneDelegate.swift; sourceTree = "<group>"; };
		BA660EE72497BF1B00522512 /* PDFHandler.xcdatamodel */ = {isa = PBXFileReference; lastKnownFileType = wrapper.xcdatamodel; path = PDFHandler.xcdatamodel; sourceTree = "<group>"; };
		BA660EE92497BF1B00522512 /* ContentView.swift */ = {isa = PBXFileReference; lastKnownFileType = sourcecode.swift; path = ContentView.swift; sourceTree = "<group>"; };
		BA660EEB2497BF1C00522512 /* Assets.xcassets */ = {isa = PBXFileReference; lastKnownFileType = folder.assetcatalog; path = Assets.xcassets; sourceTree = "<group>"; };
		BA660EEE2497BF1C00522512 /* Preview Assets.xcassets */ = {isa = PBXFileReference; lastKnownFileType = folder.assetcatalog; path = "Preview Assets.xcassets"; sourceTree = "<group>"; };
		BA660EF12497BF1C00522512 /* Base */ = {isa = PBXFileReference; lastKnownFileType = file.storyboard; name = Base; path = Base.lproj/LaunchScreen.storyboard; sourceTree = "<group>"; };
		BA660EF32497BF1C00522512 /* Info.plist */ = {isa = PBXFileReference; lastKnownFileType = text.plist.xml; path = Info.plist; sourceTree = "<group>"; };
		BA660EFA2497BF7D00522512 /* ViewPDF.swift */ = {isa = PBXFileReference; lastKnownFileType = sourcecode.swift; path = ViewPDF.swift; sourceTree = "<group>"; };
		BA660EFC2497BFA700522512 /* PDFViewRep.swift */ = {isa = PBXFileReference; lastKnownFileType = sourcecode.swift; path = PDFViewRep.swift; sourceTree = "<group>"; };
		BA660F022497C3EE00522512 /* SamplePDF.pdf */ = {isa = PBXFileReference; lastKnownFileType = image.pdf; path = SamplePDF.pdf; sourceTree = "<group>"; };
/* End PBXFileReference section */

/* Begin PBXFrameworksBuildPhase section */
		BA660EDC2497BF1B00522512 /* Frameworks */ = {
			isa = PBXFrameworksBuildPhase;
			buildActionMask = 2147483647;
			files = (
			);
			runOnlyForDeploymentPostprocessing = 0;
		};
/* End PBXFrameworksBuildPhase section */

/* Begin PBXGroup section */
		BA660ED62497BF1B00522512 = {
			isa = PBXGroup;
			children = (
				BA660EE12497BF1B00522512 /* PDFHandler */,
				BA660EE02497BF1B00522512 /* Products */,
			);
			sourceTree = "<group>";
		};
		BA660EE02497BF1B00522512 /* Products */ = {
			isa = PBXGroup;
			children = (
				BA660EDF2497BF1B00522512 /* PDFHandler.app */,
			);
			name = Products;
			sourceTree = "<group>";
		};
		BA660EE12497BF1B00522512 /* PDFHandler */ = {
			isa = PBXGroup;
			children = (
				BA660F022497C3EE00522512 /* SamplePDF.pdf */,
				BA660EF92497BF3100522512 /* Components */,
				BA660EE22497BF1B00522512 /* AppDelegate.swift */,
				BA660EE42497BF1B00522512 /* SceneDelegate.swift */,
				BA660EE92497BF1B00522512 /* ContentView.swift */,
				BA660EEB2497BF1C00522512 /* Assets.xcassets */,
				BA660EF02497BF1C00522512 /* LaunchScreen.storyboard */,
				BA660EF32497BF1C00522512 /* Info.plist */,
				BA660EE62497BF1B00522512 /* PDFHandler.xcdatamodeld */,
				BA660EED2497BF1C00522512 /* Preview Content */,
			);
			path = PDFHandler;
			sourceTree = "<group>";
		};
		BA660EED2497BF1C00522512 /* Preview Content */ = {
			isa = PBXGroup;
			children = (
				BA660EEE2497BF1C00522512 /* Preview Assets.xcassets */,
			);
			path = "Preview Content";
			sourceTree = "<group>";
		};
		BA660EF92497BF3100522512 /* Components */ = {
			isa = PBXGroup;
			children = (
				BA660EFA2497BF7D00522512 /* ViewPDF.swift */,
				BA660EFC2497BFA700522512 /* PDFViewRep.swift */,
			);
			path = Components;
			sourceTree = "<group>";
		};
/* End PBXGroup section */

/* Begin PBXNativeTarget section */
		BA660EDE2497BF1B00522512 /* PDFHandler */ = {
			isa = PBXNativeTarget;
			buildConfigurationList = BA660EF62497BF1C00522512 /* Build configuration list for PBXNativeTarget "PDFHandler" */;
			buildPhases = (
				BA660EDB2497BF1B00522512 /* Sources */,
				BA660EDC2497BF1B00522512 /* Frameworks */,
				BA660EDD2497BF1B00522512 /* Resources */,
			);
			buildRules = (
			);
			dependencies = (
			);
			name = PDFHandler;
			productName = PDFHandler;
			productReference = BA660EDF2497BF1B00522512 /* PDFHandler.app */;
			productType = "com.apple.product-type.application";
		};
/* End PBXNativeTarget section */

/* Begin PBXProject section */
		BA660ED72497BF1B00522512 /* Project object */ = {
			isa = PBXProject;
			attributes = {
				LastSwiftUpdateCheck = 1150;
				LastUpgradeCheck = 1150;
				ORGANIZATIONNAME = "Mike Centers";
				TargetAttributes = {
					BA660EDE2497BF1B00522512 = {
						CreatedOnToolsVersion = 11.5;
					};
				};
			};
			buildConfigurationList = BA660EDA2497BF1B00522512 /* Build configuration list for PBXProject "PDFHandler" */;
			compatibilityVersion = "Xcode 9.3";
			developmentRegion = en;
			hasScannedForEncodings = 0;
			knownRegions = (
				en,
				Base,
			);
			mainGroup = BA660ED62497BF1B00522512;
			productRefGroup = BA660EE02497BF1B00522512 /* Products */;
			projectDirPath = "";
			projectRoot = "";
			targets = (
				BA660EDE2497BF1B00522512 /* PDFHandler */,
			);
		};
/* End PBXProject section */

/* Begin PBXResourcesBuildPhase section */
		BA660EDD2497BF1B00522512 /* Resources */ = {
			isa = PBXResourcesBuildPhase;
			buildActionMask = 2147483647;
			files = (
				BA660EF22497BF1C00522512 /* LaunchScreen.storyboard in Resources */,
				BA660F032497C3EE00522512 /* SamplePDF.pdf in Resources */,
				BA660EEF2497BF1C00522512 /* Preview Assets.xcassets in Resources */,
				BA660EEC2497BF1C00522512 /* Assets.xcassets in Resources */,
			);
			runOnlyForDeploymentPostprocessing = 0;
		};
/* End PBXResourcesBuildPhase section */

/* Begin PBXSourcesBuildPhase section */
		BA660EDB2497BF1B00522512 /* Sources */ = {
			isa = PBXSourcesBuildPhase;
			buildActionMask = 2147483647;
			files = (
				BA660EFB2497BF7D00522512 /* ViewPDF.swift in Sources */,
				BA660EFD2497BFA700522512 /* PDFViewRep.swift in Sources */,
				BA660EE32497BF1B00522512 /* AppDelegate.swift in Sources */,
				BA660EE52497BF1B00522512 /* SceneDelegate.swift in Sources */,
				BA660EEA2497BF1B00522512 /* ContentView.swift in Sources */,
				BA660EE82497BF1B00522512 /* PDFHandler.xcdatamodeld in Sources */,
			);
			runOnlyForDeploymentPostprocessing = 0;
		};
/* End PBXSourcesBuildPhase section */

/* Begin PBXVariantGroup section */
		BA660EF02497BF1C00522512 /* LaunchScreen.storyboard */ = {
			isa = PBXVariantGroup;
			children = (
				BA660EF12497BF1C00522512 /* Base */,
			);
			name = LaunchScreen.storyboard;
			sourceTree = "<group>";
		};
/* End PBXVariantGroup section */

/* Begin XCBuildConfiguration section */
		BA660EF42497BF1C00522512 /* Debug */ = {
			isa = XCBuildConfiguration;
			buildSettings = {
				ALWAYS_SEARCH_USER_PATHS = NO;
				CLANG_ANALYZER_NONNULL = YES;
				CLANG_ANALYZER_NUMBER_OBJECT_CONVERSION = YES_AGGRESSIVE;
				CLANG_CXX_LANGUAGE_STANDARD = "gnu++14";
				CLANG_CXX_LIBRARY = "libc++";
				CLANG_ENABLE_MODULES = YES;
				CLANG_ENABLE_OBJC_ARC = YES;
				CLANG_ENABLE_OBJC_WEAK = YES;
				CLANG_WARN_BLOCK_CAPTURE_AUTORELEASING = YES;
				CLANG_WARN_BOOL_CONVERSION = YES;
				CLANG_WARN_COMMA = YES;
				CLANG_WARN_CONSTANT_CONVERSION = YES;
				CLANG_WARN_DEPRECATED_OBJC_IMPLEMENTATIONS = YES;
				CLANG_WARN_DIRECT_OBJC_ISA_USAGE = YES_ERROR;
				CLANG_WARN_DOCUMENTATION_COMMENTS = YES;
				CLANG_WARN_EMPTY_BODY = YES;
				CLANG_WARN_ENUM_CONVERSION = YES;
				CLANG_WARN_INFINITE_RECURSION = YES;
				CLANG_WARN_INT_CONVERSION = YES;
				CLANG_WARN_NON_LITERAL_NULL_CONVERSION = YES;
				CLANG_WARN_OBJC_IMPLICIT_RETAIN_SELF = YES;
				CLANG_WARN_OBJC_LITERAL_CONVERSION = YES;
				CLANG_WARN_OBJC_ROOT_CLASS = YES_ERROR;
				CLANG_WARN_RANGE_LOOP_ANALYSIS = YES;
				CLANG_WARN_STRICT_PROTOTYPES = YES;
				CLANG_WARN_SUSPICIOUS_MOVE = YES;
				CLANG_WARN_UNGUARDED_AVAILABILITY = YES_AGGRESSIVE;
				CLANG_WARN_UNREACHABLE_CODE = YES;
				CLANG_WARN__DUPLICATE_METHOD_MATCH = YES;
				COPY_PHASE_STRIP = NO;
				DEBUG_INFORMATION_FORMAT = dwarf;
				ENABLE_STRICT_OBJC_MSGSEND = YES;
				ENABLE_TESTABILITY = YES;
				GCC_C_LANGUAGE_STANDARD = gnu11;
				GCC_DYNAMIC_NO_PIC = NO;
				GCC_NO_COMMON_BLOCKS = YES;
				GCC_OPTIMIZATION_LEVEL = 0;
				GCC_PREPROCESSOR_DEFINITIONS = (
					"DEBUG=1",
					"$(inherited)",
				);
				GCC_WARN_64_TO_32_BIT_CONVERSION = YES;
				GCC_WARN_ABOUT_RETURN_TYPE = YES_ERROR;
				GCC_WARN_UNDECLARED_SELECTOR = YES;
				GCC_WARN_UNINITIALIZED_AUTOS = YES_AGGRESSIVE;
				GCC_WARN_UNUSED_FUNCTION = YES;
				GCC_WARN_UNUSED_VARIABLE = YES;
				IPHONEOS_DEPLOYMENT_TARGET = 13.5;
				MTL_ENABLE_DEBUG_INFO = INCLUDE_SOURCE;
				MTL_FAST_MATH = YES;
				ONLY_ACTIVE_ARCH = YES;
				SDKROOT = iphoneos;
				SWIFT_ACTIVE_COMPILATION_CONDITIONS = DEBUG;
				SWIFT_OPTIMIZATION_LEVEL = "-Onone";
			};
			name = Debug;
		};
		BA660EF52497BF1C00522512 /* Release */ = {
			isa = XCBuildConfiguration;
			buildSettings = {
				ALWAYS_SEARCH_USER_PATHS = NO;
				CLANG_ANALYZER_NONNULL = YES;
				CLANG_ANALYZER_NUMBER_OBJECT_CONVERSION = YES_AGGRESSIVE;
				CLANG_CXX_LANGUAGE_STANDARD = "gnu++14";
				CLANG_CXX_LIBRARY = "libc++";
				CLANG_ENABLE_MODULES = YES;
				CLANG_ENABLE_OBJC_ARC = YES;
				CLANG_ENABLE_OBJC_WEAK = YES;
				CLANG_WARN_BLOCK_CAPTURE_AUTORELEASING = YES;
				CLANG_WARN_BOOL_CONVERSION = YES;
				CLANG_WARN_COMMA = YES;
				CLANG_WARN_CONSTANT_CONVERSION = YES;
				CLANG_WARN_DEPRECATED_OBJC_IMPLEMENTATIONS = YES;
				CLANG_WARN_DIRECT_OBJC_ISA_USAGE = YES_ERROR;
				CLANG_WARN_DOCUMENTATION_COMMENTS = YES;
				CLANG_WARN_EMPTY_BODY = YES;
				CLANG_WARN_ENUM_CONVERSION = YES;
				CLANG_WARN_INFINITE_RECURSION = YES;
				CLANG_WARN_INT_CONVERSION = YES;
				CLANG_WARN_NON_LITERAL_NULL_CONVERSION = YES;
				CLANG_WARN_OBJC_IMPLICIT_RETAIN_SELF = YES;
				CLANG_WARN_OBJC_LITERAL_CONVERSION = YES;
				CLANG_WARN_OBJC_ROOT_CLASS = YES_ERROR;
				CLANG_WARN_RANGE_LOOP_ANALYSIS = YES;
				CLANG_WARN_STRICT_PROTOTYPES = YES;
				CLANG_WARN_SUSPICIOUS_MOVE = YES;
				CLANG_WARN_UNGUARDED_AVAILABILITY = YES_AGGRESSIVE;
				CLANG_WARN_UNREACHABLE_CODE = YES;
				CLANG_WARN__DUPLICATE_METHOD_MATCH = YES;
				COPY_PHASE_STRIP = NO;
				DEBUG_INFORMATION_FORMAT = "dwarf-with-dsym";
				ENABLE_NS_ASSERTIONS = NO;
				ENABLE_STRICT_OBJC_MSGSEND = YES;
				GCC_C_LANGUAGE_STANDARD = gnu11;
				GCC_NO_COMMON_BLOCKS = YES;
				GCC_WARN_64_TO_32_BIT_CONVERSION = YES;
				GCC_WARN_ABOUT_RETURN_TYPE = YES_ERROR;
				GCC_WARN_UNDECLARED_SELECTOR = YES;
				GCC_WARN_UNINITIALIZED_AUTOS = YES_AGGRESSIVE;
				GCC_WARN_UNUSED_FUNCTION = YES;
				GCC_WARN_UNUSED_VARIABLE = YES;
				IPHONEOS_DEPLOYMENT_TARGET = 13.5;
				MTL_ENABLE_DEBUG_INFO = NO;
				MTL_FAST_MATH = YES;
				SDKROOT = iphoneos;
				SWIFT_COMPILATION_MODE = wholemodule;
				SWIFT_OPTIMIZATION_LEVEL = "-O";
				VALIDATE_PRODUCT = YES;
			};
			name = Release;
		};
		BA660EF72497BF1C00522512 /* Debug */ = {
			isa = XCBuildConfiguration;
			buildSettings = {
				ASSETCATALOG_COMPILER_APPICON_NAME = AppIcon;
				CODE_SIGN_STYLE = Automatic;
				DEVELOPMENT_ASSET_PATHS = "\"PDFHandler/Preview Content\"";
				DEVELOPMENT_TEAM = 56NNYWF83R;
				ENABLE_PREVIEWS = YES;
				INFOPLIST_FILE = PDFHandler/Info.plist;
				LD_RUNPATH_SEARCH_PATHS = (
					"$(inherited)",
					"@executable_path/Frameworks",
				);
				PRODUCT_BUNDLE_IDENTIFIER = com.mikeCenters.PDFHandler;
				PRODUCT_NAME = "$(TARGET_NAME)";
				SWIFT_VERSION = 5.0;
				TARGETED_DEVICE_FAMILY = "1,2";
			};
			name = Debug;
		};
		BA660EF82497BF1C00522512 /* Release */ = {
			isa = XCBuildConfiguration;
			buildSettings = {
				ASSETCATALOG_COMPILER_APPICON_NAME = AppIcon;
				CODE_SIGN_STYLE = Automatic;
				DEVELOPMENT_ASSET_PATHS = "\"PDFHandler/Preview Content\"";
				DEVELOPMENT_TEAM = 56NNYWF83R;
				ENABLE_PREVIEWS = YES;
				INFOPLIST_FILE = PDFHandler/Info.plist;
				LD_RUNPATH_SEARCH_PATHS = (
					"$(inherited)",
					"@executable_path/Frameworks",
				);
				PRODUCT_BUNDLE_IDENTIFIER = com.mikeCenters.PDFHandler;
				PRODUCT_NAME = "$(TARGET_NAME)";
				SWIFT_VERSION = 5.0;
				TARGETED_DEVICE_FAMILY = "1,2";
			};
			name = Release;
		};
/* End XCBuildConfiguration section */

/* Begin XCConfigurationList section */
		BA660EDA2497BF1B00522512 /* Build configuration list for PBXProject "PDFHandler" */ = {
			isa = XCConfigurationList;
			buildConfigurations = (
				BA660EF42497BF1C00522512 /* Debug */,
				BA660EF52497BF1C00522512 /* Release */,
			);
			defaultConfigurationIsVisible = 0;
			defaultConfigurationName = Release;
		};
		BA660EF62497BF1C00522512 /* Build configuration list for PBXNativeTarget "PDFHandler" */ = {
			isa = XCConfigurationList;
			buildConfigurations = (
				BA660EF72497BF1C00522512 /* Debug */,
				BA660EF82497BF1C00522512 /* Release */,
			);
			defaultConfigurationIsVisible = 0;
			defaultConfigurationName = Release;
		};
/* End XCConfigurationList section */

/* Begin XCVersionGroup section */
		BA660EE62497BF1B00522512 /* PDFHandler.xcdatamodeld */ = {
			isa = XCVersionGroup;
			children = (
				BA660EE72497BF1B00522512 /* PDFHandler.xcdatamodel */,
			);
			currentVersion = BA660EE72497BF1B00522512 /* PDFHandler.xcdatamodel */;
			path = PDFHandler.xcdatamodeld;
			sourceTree = "<group>";
			versionGroupType = wrapper.xcdatamodel;
		};
/* End XCVersionGroup section */
	};
	rootObject = BA660ED72497BF1B00522512 /* Project object */;
}
